<?xml version="1.0" encoding="utf-8"?>
<Project ToolsVersion="4.0" xmlns="http://schemas.microsoft.com/developer/msbuild/2003">
  <ItemGroup>
    <ClCompile Include="client.cpp" />
    <ClCompile Include="SDFuzzySearch.cpp" />
    <ClCompile Include="humhum.cpp" />
    <ClCompile Include="main.cpp" />
    <ClCompile Include="matches.cpp" />
    <ClCompile Include="midifile.c" />
    <ClCompile Include="SBuildModel.cpp" />
    <ClCompile Include="SDSP.cpp" />
    <ClCompile Include="SMelody.cpp" />
    <ClCompile Include="SModel.cpp" />
    <ClCompile Include="SUtil.cpp" />
  </ItemGroup>
  <ItemGroup>
    <ClInclude Include="client.h" />
    <ClInclude Include="SDFuzzySearch.h" />
    <ClInclude Include="matches.h" />
    <ClInclude Include="midifile.h" />
    <ClInclude Include="SBuildModel.h" />
    <ClInclude Include="SDSP.h" />
    <ClInclude Include="SMelody.h" />
    <ClInclude Include="SModel.h" />
    <ClInclude Include="STypes.h" />
    <ClInclude Include="SUtil.h" />
  </ItemGroup>
  <ItemGroup>
    <QtMoc Include="humhum.h" />
  </ItemGroup>
  <ItemGroup>
    <QtRcc Include="humhum.qrc" />
  </ItemGroup>
  <ItemGroup>
    <QtUic Include="humhum.ui" />
  </ItemGroup>
</Project>